
Microsoft Visual Studio Solution File, Format Version 12.00
# Visual Studio for Mac
Project("{FAE04EC0-301F-11D3-BF4B-00C04F79EFBC}") = "Ball Roller (2)", "Ball Roller (2).csproj", "{362357F6-89BB-B096-AE10-E66E5CEDAF48}"
EndProject
Global
	GlobalSection(SolutionConfigurationPlatforms) = preSolution
		Debug|Any CPU = Debug|Any CPU
		Release|Any CPU = Release|Any CPU
	EndGlobalSection
	GlobalSection(ProjectConfigurationPlatforms) = postSolution
		{362357F6-89BB-B096-AE10-E66E5CEDAF48}.Debug|Any CPU.ActiveCfg = Debug|Any CPU
		{362357F6-89BB-B096-AE10-E66E5CEDAF48}.Debug|Any CPU.Build.0 = Debug|Any CPU
		{362357F6-89BB-B096-AE10-E66E5CEDAF48}.Release|Any CPU.ActiveCfg = Release|Any CPU
		{362357F6-89BB-B096-AE10-E66E5CEDAF48}.Release|Any CPU.Build.0 = Release|Any CPU
	EndGlobalSection
	GlobalSection(SolutionProperties) = preSolution
		HideSolutionNode = FALSE
	EndGlobalSection
EndGlobal
