
Microsoft Visual Studio Solution File, Format Version 12.00
# Visual Studio for Mac
Project("{FAE04EC0-301F-11D3-BF4B-00C04F79EFBC}") = "Flappy_Bird", "Flappy_Bird.csproj", "{B1A8C873-E2A1-BF6A-0BB3-EDF246B82936}"
EndProject
Global
	GlobalSection(SolutionConfigurationPlatforms) = preSolution
		Debug|Any CPU = Debug|Any CPU
		Release|Any CPU = Release|Any CPU
	EndGlobalSection
	GlobalSection(ProjectConfigurationPlatforms) = postSolution
		{B1A8C873-E2A1-BF6A-0BB3-EDF246B82936}.Debug|Any CPU.ActiveCfg = Debug|Any CPU
		{B1A8C873-E2A1-BF6A-0BB3-EDF246B82936}.Debug|Any CPU.Build.0 = Debug|Any CPU
		{B1A8C873-E2A1-BF6A-0BB3-EDF246B82936}.Release|Any CPU.ActiveCfg = Release|Any CPU
		{B1A8C873-E2A1-BF6A-0BB3-EDF246B82936}.Release|Any CPU.Build.0 = Release|Any CPU
	EndGlobalSection
	GlobalSection(SolutionProperties) = preSolution
		HideSolutionNode = FALSE
	EndGlobalSection
EndGlobal
